
Microsoft Visual Studio Solution File, Format Version 12.00
# Visual Studio Version 17
VisualStudioVersion = 17.7.34031.279
MinimumVisualStudioVersion = 10.0.40219.1
Project("{FAE04EC0-301F-11D3-BF4B-00C04F79EFBC}") = "APIREST_GET", "APIREST_GET\APIREST_GET.csproj", "{6C38D20D-DB24-451B-8821-73BB7ED99BA5}"
EndProject
Global
	GlobalSection(SolutionConfigurationPlatforms) = preSolution
		Debug|Any CPU = Debug|Any CPU
		Release|Any CPU = Release|Any CPU
	EndGlobalSection
	GlobalSection(ProjectConfigurationPlatforms) = postSolution
		{6C38D20D-DB24-451B-8821-73BB7ED99BA5}.Debug|Any CPU.ActiveCfg = Debug|Any CPU
		{6C38D20D-DB24-451B-8821-73BB7ED99BA5}.Debug|Any CPU.Build.0 = Debug|Any CPU
		{6C38D20D-DB24-451B-8821-73BB7ED99BA5}.Release|Any CPU.ActiveCfg = Release|Any CPU
		{6C38D20D-DB24-451B-8821-73BB7ED99BA5}.Release|Any CPU.Build.0 = Release|Any CPU
	EndGlobalSection
	GlobalSection(SolutionProperties) = preSolution
		HideSolutionNode = FALSE
	EndGlobalSection
	GlobalSection(ExtensibilityGlobals) = postSolution
		SolutionGuid = {C2F444BA-FC39-4360-995C-41C2D7744331}
	EndGlobalSection
EndGlobal
